// !$*UTF8*$!
{
	archiveVersion = 1;
	classes = {
	};
	objectVersion = 48;
	objects = {

/* Begin PBXBuildFile section */
		74D1DCAC1F7D78B90096D518 /* AppDelegate.swift in Sources */ = {isa = PBXBuildFile; fileRef = 74D1DCAB1F7D78B90096D518 /* AppDelegate.swift */; };
		74D1DCAE1F7D78B90096D518 /* ViewController.swift in Sources */ = {isa = PBXBuildFile; fileRef = 74D1DCAD1F7D78B90096D518 /* ViewController.swift */; };
		74D1DCB11F7D78B90096D518 /* Main.storyboard in Resources */ = {isa = PBXBuildFile; fileRef = 74D1DCAF1F7D78B90096D518 /* Main.storyboard */; };
		74D1DCB31F7D78B90096D518 /* Assets.xcassets in Resources */ = {isa = PBXBuildFile; fileRef = 74D1DCB21F7D78B90096D518 /* Assets.xcassets */; };
		74D1DCB61F7D78B90096D518 /* LaunchScreen.storyboard in Resources */ = {isa = PBXBuildFile; fileRef = 74D1DCB41F7D78B90096D518 /* LaunchScreen.storyboard */; };
		74D1DCC11F7D78BA0096D518 /* newsTests.swift in Sources */ = {isa = PBXBuildFile; fileRef = 74D1DCC01F7D78BA0096D518 /* newsTests.swift */; };
/* End PBXBuildFile section */

/* Begin PBXContainerItemProxy section */
		74D1DCBD1F7D78BA0096D518 /* PBXContainerItemProxy */ = {
			isa = PBXContainerItemProxy;
			containerPortal = 74D1DCA01F7D78B90096D518 /* Project object */;
			proxyType = 1;
			remoteGlobalIDString = 74D1DCA71F7D78B90096D518;
			remoteInfo = news;
		};
/* End PBXContainerItemProxy section */

/* Begin PBXFileReference section */
		74D1DCA81F7D78B90096D518 /* news.app */ = {isa = PBXFileReference; explicitFileType = wrapper.application; includeInIndex = 0; path = news.app; sourceTree = BUILT_PRODUCTS_DIR; };
		74D1DCAB1F7D78B90096D518 /* AppDelegate.swift */ = {isa = PBXFileReference; lastKnownFileType = sourcecode.swift; path = AppDelegate.swift; sourceTree = "<group>"; };
		74D1DCAD1F7D78B90096D518 /* ViewController.swift */ = {isa = PBXFileReference; lastKnownFileType = sourcecode.swift; path = ViewController.swift; sourceTree = "<group>"; };
		74D1DCB01F7D78B90096D518 /* Base */ = {isa = PBXFileReference; lastKnownFileType = file.storyboard; name = Base; path = Base.lproj/Main.storyboard; sourceTree = "<group>"; };
		74D1DCB21F7D78B90096D518 /* Assets.xcassets */ = {isa = PBXFileReference; lastKnownFileType = folder.assetcatalog; path = Assets.xcassets; sourceTree = "<group>"; };
		74D1DCB51F7D78B90096D518 /* Base */ = {isa = PBXFileReference; lastKnownFileType = file.storyboard; name = Base; path = Base.lproj/LaunchScreen.storyboard; sourceTree = "<group>"; };
		74D1DCB71F7D78B90096D518 /* Info.plist */ = {isa = PBXFileReference; lastKnownFileType = text.plist.xml; path = Info.plist; sourceTree = "<group>"; };
		74D1DCBC1F7D78BA0096D518 /* newsTests.xctest */ = {isa = PBXFileReference; explicitFileType = wrapper.cfbundle; includeInIndex = 0; path = newsTests.xctest; sourceTree = BUILT_PRODUCTS_DIR; };
		74D1DCC01F7D78BA0096D518 /* newsTests.swift */ = {isa = PBXFileReference; lastKnownFileType = sourcecode.swift; path = newsTests.swift; sourceTree = "<group>"; };
		74D1DCC21F7D78BA0096D518 /* Info.plist */ = {isa = PBXFileReference; lastKnownFileType = text.plist.xml; path = Info.plist; sourceTree = "<group>"; };
/* End PBXFileReference section */

/* Begin PBXFrameworksBuildPhase section */
		74D1DCA51F7D78B90096D518 /* Frameworks */ = {
			isa = PBXFrameworksBuildPhase;
			buildActionMask = 2147483647;
			files = (
			);
			runOnlyForDeploymentPostprocessing = 0;
		};
		74D1DCB91F7D78BA0096D518 /* Frameworks */ = {
			isa = PBXFrameworksBuildPhase;
			buildActionMask = 2147483647;
			files = (
			);
			runOnlyForDeploymentPostprocessing = 0;
		};
/* End PBXFrameworksBuildPhase section */

/* Begin PBXGroup section */
		74D1DC9F1F7D78B90096D518 = {
			isa = PBXGroup;
			children = (
				74D1DCAA1F7D78B90096D518 /* news */,
				74D1DCBF1F7D78BA0096D518 /* newsTests */,
				74D1DCA91F7D78B90096D518 /* Products */,
			);
			sourceTree = "<group>";
		};
		74D1DCA91F7D78B90096D518 /* Products */ = {
			isa = PBXGroup;
			children = (
				74D1DCA81F7D78B90096D518 /* news.app */,
				74D1DCBC1F7D78BA0096D518 /* newsTests.xctest */,
			);
			name = Products;
			sourceTree = "<group>";
		};
		74D1DCAA1F7D78B90096D518 /* news */ = {
			isa = PBXGroup;
			children = (
				74D1DCAB1F7D78B90096D518 /* AppDelegate.swift */,
				74D1DCAD1F7D78B90096D518 /* ViewController.swift */,
				74D1DCAF1F7D78B90096D518 /* Main.storyboard */,
				74D1DCB21F7D78B90096D518 /* Assets.xcassets */,
				74D1DCB41F7D78B90096D518 /* LaunchScreen.storyboard */,
				74D1DCB71F7D78B90096D518 /* Info.plist */,
			);
			path = news;
			sourceTree = "<group>";
		};
		74D1DCBF1F7D78BA0096D518 /* newsTests */ = {
			isa = PBXGroup;
			children = (
				74D1DCC01F7D78BA0096D518 /* newsTests.swift */,
				74D1DCC21F7D78BA0096D518 /* Info.plist */,
			);
			path = newsTests;
			sourceTree = "<group>";
		};
/* End PBXGroup section */

/* Begin PBXNativeTarget section */
		74D1DCA71F7D78B90096D518 /* news */ = {
			isa = PBXNativeTarget;
			buildConfigurationList = 74D1DCC51F7D78BA0096D518 /* Build configuration list for PBXNativeTarget "news" */;
			buildPhases = (
				74D1DCA41F7D78B90096D518 /* Sources */,
				74D1DCA51F7D78B90096D518 /* Frameworks */,
				74D1DCA61F7D78B90096D518 /* Resources */,
			);
			buildRules = (
			);
			dependencies = (
			);
			name = news;
			productName = news;
			productReference = 74D1DCA81F7D78B90096D518 /* news.app */;
			productType = "com.apple.product-type.application";
		};
		74D1DCBB1F7D78BA0096D518 /* newsTests */ = {
			isa = PBXNativeTarget;
			buildConfigurationList = 74D1DCC81F7D78BA0096D518 /* Build configuration list for PBXNativeTarget "newsTests" */;
			buildPhases = (
				74D1DCB81F7D78BA0096D518 /* Sources */,
				74D1DCB91F7D78BA0096D518 /* Frameworks */,
				74D1DCBA1F7D78BA0096D518 /* Resources */,
			);
			buildRules = (
			);
			dependencies = (
				74D1DCBE1F7D78BA0096D518 /* PBXTargetDependency */,
			);
			name = newsTests;
			productName = newsTests;
			productReference = 74D1DCBC1F7D78BA0096D518 /* newsTests.xctest */;
			productType = "com.apple.product-type.bundle.unit-test";
		};
/* End PBXNativeTarget section */

/* Begin PBXProject section */
		74D1DCA01F7D78B90096D518 /* Project object */ = {
			isa = PBXProject;
			attributes = {
				LastSwiftUpdateCheck = 0900;
				LastUpgradeCheck = 0900;
				ORGANIZATIONNAME = "Yegor's Mac";
				TargetAttributes = {
					74D1DCA71F7D78B90096D518 = {
						CreatedOnToolsVersion = 9.0;
						ProvisioningStyle = Automatic;
					};
					74D1DCBB1F7D78BA0096D518 = {
						CreatedOnToolsVersion = 9.0;
						ProvisioningStyle = Automatic;
						TestTargetID = 74D1DCA71F7D78B90096D518;
					};
				};
			};
			buildConfigurationList = 74D1DCA31F7D78B90096D518 /* Build configuration list for PBXProject "news" */;
			compatibilityVersion = "Xcode 8.0";
			developmentRegion = en;
			hasScannedForEncodings = 0;
			knownRegions = (
				en,
				Base,
			);
			mainGroup = 74D1DC9F1F7D78B90096D518;
			productRefGroup = 74D1DCA91F7D78B90096D518 /* Products */;
			projectDirPath = "";
			projectRoot = "";
			targets = (
				74D1DCA71F7D78B90096D518 /* news */,
				74D1DCBB1F7D78BA0096D518 /* newsTests */,
			);
		};
/* End PBXProject section */

/* Begin PBXResourcesBuildPhase section */
		74D1DCA61F7D78B90096D518 /* Resources */ = {
			isa = PBXResourcesBuildPhase;
			buildActionMask = 2147483647;
			files = (
				74D1DCB61F7D78B90096D518 /* LaunchScreen.storyboard in Resources */,
				74D1DCB31F7D78B90096D518 /* Assets.xcassets in Resources */,
				74D1DCB11F7D78B90096D518 /* Main.storyboard in Resources */,
			);
			runOnlyForDeploymentPostprocessing = 0;
		};
		74D1DCBA1F7D78BA0096D518 /* Resources */ = {
			isa = PBXResourcesBuildPhase;
			buildActionMask = 2147483647;
			files = (
			);
			runOnlyForDeploymentPostprocessing = 0;
		};
/* End PBXResourcesBuildPhase section */

/* Begin PBXSourcesBuildPhase section */
		74D1DCA41F7D78B90096D518 /* Sources */ = {
			isa = PBXSourcesBuildPhase;
			buildActionMask = 2147483647;
			files = (
				74D1DCAE1F7D78B90096D518 /* ViewController.swift in Sources */,
				74D1DCAC1F7D78B90096D518 /* AppDelegate.swift in Sources */,
			);
			runOnlyForDeploymentPostprocessing = 0;
		};
		74D1DCB81F7D78BA0096D518 /* Sources */ = {
			isa = PBXSourcesBuildPhase;
			buildActionMask = 2147483647;
			files = (
				74D1DCC11F7D78BA0096D518 /* newsTests.swift in Sources */,
			);
			runOnlyForDeploymentPostprocessing = 0;
		};
/* End PBXSourcesBuildPhase section */

/* Begin PBXTargetDependency section */
		74D1DCBE1F7D78BA0096D518 /* PBXTargetDependency */ = {
			isa = PBXTargetDependency;
			target = 74D1DCA71F7D78B90096D518 /* news */;
			targetProxy = 74D1DCBD1F7D78BA0096D518 /* PBXContainerItemProxy */;
		};
/* End PBXTargetDependency section */

/* Begin PBXVariantGroup section */
		74D1DCAF1F7D78B90096D518 /* Main.storyboard */ = {
			isa = PBXVariantGroup;
			children = (
				74D1DCB01F7D78B90096D518 /* Base */,
			);
			name = Main.storyboard;
			sourceTree = "<group>";
		};
		74D1DCB41F7D78B90096D518 /* LaunchScreen.storyboard */ = {
			isa = PBXVariantGroup;
			children = (
				74D1DCB51F7D78B90096D518 /* Base */,
			);
			name = LaunchScreen.storyboard;
			sourceTree = "<group>";
		};
/* End PBXVariantGroup section */

/* Begin XCBuildConfiguration section */
		74D1DCC31F7D78BA0096D518 /* Debug */ = {
			isa = XCBuildConfiguration;
			buildSettings = {
				ALWAYS_SEARCH_USER_PATHS = NO;
				CLANG_ANALYZER_NONNULL = YES;
				CLANG_ANALYZER_NUMBER_OBJECT_CONVERSION = YES_AGGRESSIVE;
				CLANG_CXX_LANGUAGE_STANDARD = "gnu++14";
				CLANG_CXX_LIBRARY = "libc++";
				CLANG_ENABLE_MODULES = YES;
				CLANG_ENABLE_OBJC_ARC = YES;
				CLANG_WARN_BLOCK_CAPTURE_AUTORELEASING = YES;
				CLANG_WARN_BOOL_CONVERSION = YES;
				CLANG_WARN_COMMA = YES;
				CLANG_WARN_CONSTANT_CONVERSION = YES;
				CLANG_WARN_DIRECT_OBJC_ISA_USAGE = YES_ERROR;
				CLANG_WARN_DOCUMENTATION_COMMENTS = YES;
				CLANG_WARN_EMPTY_BODY = YES;
				CLANG_WARN_ENUM_CONVERSION = YES;
				CLANG_WARN_INFINITE_RECURSION = YES;
				CLANG_WARN_INT_CONVERSION = YES;
				CLANG_WARN_NON_LITERAL_NULL_CONVERSION = YES;
				CLANG_WARN_OBJC_LITERAL_CONVERSION = YES;
				CLANG_WARN_OBJC_ROOT_CLASS = YES_ERROR;
				CLANG_WARN_RANGE_LOOP_ANALYSIS = YES;
				CLANG_WARN_STRICT_PROTOTYPES = YES;
				CLANG_WARN_SUSPICIOUS_MOVE = YES;
				CLANG_WARN_UNGUARDED_AVAILABILITY = YES_AGGRESSIVE;
				CLANG_WARN_UNREACHABLE_CODE = YES;
				CLANG_WARN__DUPLICATE_METHOD_MATCH = YES;
				CODE_SIGN_IDENTITY = "iPhone Developer";
				COPY_PHASE_STRIP = NO;
				DEBUG_INFORMATION_FORMAT = dwarf;
				ENABLE_STRICT_OBJC_MSGSEND = YES;
				ENABLE_TESTABILITY = YES;
				GCC_C_LANGUAGE_STANDARD = gnu11;
				GCC_DYNAMIC_NO_PIC = NO;
				GCC_NO_COMMON_BLOCKS = YES;
				GCC_OPTIMIZATION_LEVEL = 0;
				GCC_PREPROCESSOR_DEFINITIONS = (
					"DEBUG=1",
					"$(inherited)",
				);
				GCC_WARN_64_TO_32_BIT_CONVERSION = YES;
				GCC_WARN_ABOUT_RETURN_TYPE = YES_ERROR;
				GCC_WARN_UNDECLARED_SELECTOR = YES;
				GCC_WARN_UNINITIALIZED_AUTOS = YES_AGGRESSIVE;
				GCC_WARN_UNUSED_FUNCTION = YES;
				GCC_WARN_UNUSED_VARIABLE = YES;
				IPHONEOS_DEPLOYMENT_TARGET = 11.0;
				MTL_ENABLE_DEBUG_INFO = YES;
				ONLY_ACTIVE_ARCH = YES;
				SDKROOT = iphoneos;
				SWIFT_ACTIVE_COMPILATION_CONDITIONS = DEBUG;
				SWIFT_OPTIMIZATION_LEVEL = "-Onone";
			};
			name = Debug;
		};
		74D1DCC41F7D78BA0096D518 /* Release */ = {
			isa = XCBuildConfiguration;
			buildSettings = {
				ALWAYS_SEARCH_USER_PATHS = NO;
				CLANG_ANALYZER_NONNULL = YES;
				CLANG_ANALYZER_NUMBER_OBJECT_CONVERSION = YES_AGGRESSIVE;
				CLANG_CXX_LANGUAGE_STANDARD = "gnu++14";
				CLANG_CXX_LIBRARY = "libc++";
				CLANG_ENABLE_MODULES = YES;
				CLANG_ENABLE_OBJC_ARC = YES;
				CLANG_WARN_BLOCK_CAPTURE_AUTORELEASING = YES;
				CLANG_WARN_BOOL_CONVERSION = YES;
				CLANG_WARN_COMMA = YES;
				CLANG_WARN_CONSTANT_CONVERSION = YES;
				CLANG_WARN_DIRECT_OBJC_ISA_USAGE = YES_ERROR;
				CLANG_WARN_DOCUMENTATION_COMMENTS = YES;
				CLANG_WARN_EMPTY_BODY = YES;
				CLANG_WARN_ENUM_CONVERSION = YES;
				CLANG_WARN_INFINITE_RECURSION = YES;
				CLANG_WARN_INT_CONVERSION = YES;
				CLANG_WARN_NON_LITERAL_NULL_CONVERSION = YES;
				CLANG_WARN_OBJC_LITERAL_CONVERSION = YES;
				CLANG_WARN_OBJC_ROOT_CLASS = YES_ERROR;
				CLANG_WARN_RANGE_LOOP_ANALYSIS = YES;
				CLANG_WARN_STRICT_PROTOTYPES = YES;
				CLANG_WARN_SUSPICIOUS_MOVE = YES;
				CLANG_WARN_UNGUARDED_AVAILABILITY = YES_AGGRESSIVE;
				CLANG_WARN_UNREACHABLE_CODE = YES;
				CLANG_WARN__DUPLICATE_METHOD_MATCH = YES;
				CODE_SIGN_IDENTITY = "iPhone Developer";
				COPY_PHASE_STRIP = NO;
				DEBUG_INFORMATION_FORMAT = "dwarf-with-dsym";
				ENABLE_NS_ASSERTIONS = NO;
				ENABLE_STRICT_OBJC_MSGSEND = YES;
				GCC_C_LANGUAGE_STANDARD = gnu11;
				GCC_NO_COMMON_BLOCKS = YES;
				GCC_WARN_64_TO_32_BIT_CONVERSION = YES;
				GCC_WARN_ABOUT_RETURN_TYPE = YES_ERROR;
				GCC_WARN_UNDECLARED_SELECTOR = YES;
				GCC_WARN_UNINITIALIZED_AUTOS = YES_AGGRESSIVE;
				GCC_WARN_UNUSED_FUNCTION = YES;
				GCC_WARN_UNUSED_VARIABLE = YES;
				IPHONEOS_DEPLOYMENT_TARGET = 11.0;
				MTL_ENABLE_DEBUG_INFO = NO;
				SDKROOT = iphoneos;
				SWIFT_OPTIMIZATION_LEVEL = "-Owholemodule";
				VALIDATE_PRODUCT = YES;
			};
			name = Release;
		};
		74D1DCC61F7D78BA0096D518 /* Debug */ = {
			isa = XCBuildConfiguration;
			buildSettings = {
				ASSETCATALOG_COMPILER_APPICON_NAME = AppIcon;
				CODE_SIGN_STYLE = Automatic;
				DEVELOPMENT_TEAM = N2BKJ2AF66;
				INFOPLIST_FILE = news/Info.plist;
				LD_RUNPATH_SEARCH_PATHS = "$(inherited) @executable_path/Frameworks";
				PRODUCT_BUNDLE_IDENTIFIER = yegorsMac.news;
				PRODUCT_NAME = "$(TARGET_NAME)";
				SWIFT_VERSION = 4.0;
				TARGETED_DEVICE_FAMILY = "1,2";
			};
			name = Debug;
		};
		74D1DCC71F7D78BA0096D518 /* Release */ = {
			isa = XCBuildConfiguration;
			buildSettings = {
				ASSETCATALOG_COMPILER_APPICON_NAME = AppIcon;
				CODE_SIGN_STYLE = Automatic;
				DEVELOPMENT_TEAM = N2BKJ2AF66;
				INFOPLIST_FILE = news/Info.plist;
				LD_RUNPATH_SEARCH_PATHS = "$(inherited) @executable_path/Frameworks";
				PRODUCT_BUNDLE_IDENTIFIER = yegorsMac.news;
				PRODUCT_NAME = "$(TARGET_NAME)";
				SWIFT_VERSION = 4.0;
				TARGETED_DEVICE_FAMILY = "1,2";
			};
			name = Release;
		};
		74D1DCC91F7D78BA0096D518 /* Debug */ = {
			isa = XCBuildConfiguration;
			buildSettings = {
				ALWAYS_EMBED_SWIFT_STANDARD_LIBRARIES = YES;
				BUNDLE_LOADER = "$(TEST_HOST)";
				CODE_SIGN_STYLE = Automatic;
				DEVELOPMENT_TEAM = N2BKJ2AF66;
				INFOPLIST_FILE = newsTests/Info.plist;
				LD_RUNPATH_SEARCH_PATHS = "$(inherited) @executable_path/Frameworks @loader_path/Frameworks";
				PRODUCT_BUNDLE_IDENTIFIER = yegorsMac.newsTests;
				PRODUCT_NAME = "$(TARGET_NAME)";
				SWIFT_VERSION = 4.0;
				TARGETED_DEVICE_FAMILY = "1,2";
				TEST_HOST = "$(BUILT_PRODUCTS_DIR)/news.app/news";
			};
			name = Debug;
		};
		74D1DCCA1F7D78BA0096D518 /* Release */ = {
			isa = XCBuildConfiguration;
			buildSettings = {
				ALWAYS_EMBED_SWIFT_STANDARD_LIBRARIES = YES;
				BUNDLE_LOADER = "$(TEST_HOST)";
				CODE_SIGN_STYLE = Automatic;
				DEVELOPMENT_TEAM = N2BKJ2AF66;
				INFOPLIST_FILE = newsTests/Info.plist;
				LD_RUNPATH_SEARCH_PATHS = "$(inherited) @executable_path/Frameworks @loader_path/Frameworks";
				PRODUCT_BUNDLE_IDENTIFIER = yegorsMac.newsTests;
				PRODUCT_NAME = "$(TARGET_NAME)";
				SWIFT_VERSION = 4.0;
				TARGETED_DEVICE_FAMILY = "1,2";
				TEST_HOST = "$(BUILT_PRODUCTS_DIR)/news.app/news";
			};
			name = Release;
		};
/* End XCBuildConfiguration section */

/* Begin XCConfigurationList section */
		74D1DCA31F7D78B90096D518 /* Build configuration list for PBXProject "news" */ = {
			isa = XCConfigurationList;
			buildConfigurations = (
				74D1DCC31F7D78BA0096D518 /* Debug */,
				74D1DCC41F7D78BA0096D518 /* Release */,
			);
			defaultConfigurationIsVisible = 0;
			defaultConfigurationName = Release;
		};
		74D1DCC51F7D78BA0096D518 /* Build configuration list for PBXNativeTarget "news" */ = {
			isa = XCConfigurationList;
			buildConfigurations = (
				74D1DCC61F7D78BA0096D518 /* Debug */,
				74D1DCC71F7D78BA0096D518 /* Release */,
			);
			defaultConfigurationIsVisible = 0;
			defaultConfigurationName = Release;
		};
		74D1DCC81F7D78BA0096D518 /* Build configuration list for PBXNativeTarget "newsTests" */ = {
			isa = XCConfigurationList;
			buildConfigurations = (
				74D1DCC91F7D78BA0096D518 /* Debug */,
				74D1DCCA1F7D78BA0096D518 /* Release */,
			);
			defaultConfigurationIsVisible = 0;
			defaultConfigurationName = Release;
		};
/* End XCConfigurationList section */
	};
	rootObject = 74D1DCA01F7D78B90096D518 /* Project object */;
}
